// !$*UTF8*$!
{
	archiveVersion = 1;
	classes = {
	};
	objectVersion = 56;
	objects = {

/* Begin PBXBuildFile section */
		DD9E08462B56D9EB00DD6469 /* InputCountView.swift in Sources */ = {isa = PBXBuildFile; fileRef = DD9E08452B56D9EB00DD6469 /* InputCountView.swift */; };
		DDB4067C2B571BDE00A4D7D6 /* ProcessingView.swift in Sources */ = {isa = PBXBuildFile; fileRef = DDB4067B2B571BDE00A4D7D6 /* ProcessingView.swift */; };
		DDCE8A312B582C4D00E16E98 /* ColorGridView.swift in Sources */ = {isa = PBXBuildFile; fileRef = DDCE8A302B582C4D00E16E98 /* ColorGridView.swift */; };
		DDCE8A352B58314A00E16E98 /* InputMeansView.swift in Sources */ = {isa = PBXBuildFile; fileRef = DDCE8A342B58314A00E16E98 /* InputMeansView.swift */; };
		DDCE8A372B5982B700E16E98 /* ColorSeedView.swift in Sources */ = {isa = PBXBuildFile; fileRef = DDCE8A362B5982B700E16E98 /* ColorSeedView.swift */; };
		DDDCBF4E2B487A3E002FDDC5 /* KMeansDemoApp.swift in Sources */ = {isa = PBXBuildFile; fileRef = DDDCBF4D2B487A3E002FDDC5 /* KMeansDemoApp.swift */; };
		DDDCBF522B487A3F002FDDC5 /* Assets.xcassets in Resources */ = {isa = PBXBuildFile; fileRef = DDDCBF512B487A3F002FDDC5 /* Assets.xcassets */; };
		DDDCBF552B487A3F002FDDC5 /* Preview Assets.xcassets in Resources */ = {isa = PBXBuildFile; fileRef = DDDCBF542B487A3F002FDDC5 /* Preview Assets.xcassets */; };
		DDDCBF5F2B487BF5002FDDC5 /* ContentView.swift in Sources */ = {isa = PBXBuildFile; fileRef = DDDCBF5E2B487BF5002FDDC5 /* ContentView.swift */; };
		DDDCBF612B48834E002FDDC5 /* InputImageViewModel.swift in Sources */ = {isa = PBXBuildFile; fileRef = DDDCBF602B48834E002FDDC5 /* InputImageViewModel.swift */; };
		DDDCBF662B4886ED002FDDC5 /* ImageUtils.swift in Sources */ = {isa = PBXBuildFile; fileRef = DDDCBF652B4886ED002FDDC5 /* ImageUtils.swift */; };
		DDDCBF682B4889EA002FDDC5 /* ImageProcessor.swift in Sources */ = {isa = PBXBuildFile; fileRef = DDDCBF672B4889EA002FDDC5 /* ImageProcessor.swift */; };
/* End PBXBuildFile section */

/* Begin PBXFileReference section */
		DD9E08452B56D9EB00DD6469 /* InputCountView.swift */ = {isa = PBXFileReference; lastKnownFileType = sourcecode.swift; path = InputCountView.swift; sourceTree = "<group>"; };
		DDB4067B2B571BDE00A4D7D6 /* ProcessingView.swift */ = {isa = PBXFileReference; lastKnownFileType = sourcecode.swift; path = ProcessingView.swift; sourceTree = "<group>"; };
		DDCE8A302B582C4D00E16E98 /* ColorGridView.swift */ = {isa = PBXFileReference; lastKnownFileType = sourcecode.swift; path = ColorGridView.swift; sourceTree = "<group>"; };
		DDCE8A342B58314A00E16E98 /* InputMeansView.swift */ = {isa = PBXFileReference; lastKnownFileType = sourcecode.swift; path = InputMeansView.swift; sourceTree = "<group>"; };
		DDCE8A362B5982B700E16E98 /* ColorSeedView.swift */ = {isa = PBXFileReference; lastKnownFileType = sourcecode.swift; path = ColorSeedView.swift; sourceTree = "<group>"; };
		DDDCBF4A2B487A3E002FDDC5 /* KMeansDemo.app */ = {isa = PBXFileReference; explicitFileType = wrapper.application; includeInIndex = 0; path = KMeansDemo.app; sourceTree = BUILT_PRODUCTS_DIR; };
		DDDCBF4D2B487A3E002FDDC5 /* KMeansDemoApp.swift */ = {isa = PBXFileReference; lastKnownFileType = sourcecode.swift; path = KMeansDemoApp.swift; sourceTree = "<group>"; };
		DDDCBF512B487A3F002FDDC5 /* Assets.xcassets */ = {isa = PBXFileReference; lastKnownFileType = folder.assetcatalog; path = Assets.xcassets; sourceTree = "<group>"; };
		DDDCBF542B487A3F002FDDC5 /* Preview Assets.xcassets */ = {isa = PBXFileReference; lastKnownFileType = folder.assetcatalog; path = "Preview Assets.xcassets"; sourceTree = "<group>"; };
		DDDCBF562B487A3F002FDDC5 /* KMeansDemo.entitlements */ = {isa = PBXFileReference; lastKnownFileType = text.plist.entitlements; path = KMeansDemo.entitlements; sourceTree = "<group>"; };
		DDDCBF5E2B487BF5002FDDC5 /* ContentView.swift */ = {isa = PBXFileReference; lastKnownFileType = sourcecode.swift; path = ContentView.swift; sourceTree = "<group>"; };
		DDDCBF602B48834E002FDDC5 /* InputImageViewModel.swift */ = {isa = PBXFileReference; lastKnownFileType = sourcecode.swift; path = InputImageViewModel.swift; sourceTree = "<group>"; };
		DDDCBF652B4886ED002FDDC5 /* ImageUtils.swift */ = {isa = PBXFileReference; lastKnownFileType = sourcecode.swift; path = ImageUtils.swift; sourceTree = "<group>"; };
		DDDCBF672B4889EA002FDDC5 /* ImageProcessor.swift */ = {isa = PBXFileReference; lastKnownFileType = sourcecode.swift; path = ImageProcessor.swift; sourceTree = "<group>"; };
/* End PBXFileReference section */

/* Begin PBXFrameworksBuildPhase section */
		DDDCBF472B487A3E002FDDC5 /* Frameworks */ = {
			isa = PBXFrameworksBuildPhase;
			buildActionMask = 2147483647;
			files = (
			);
			runOnlyForDeploymentPostprocessing = 0;
		};
/* End PBXFrameworksBuildPhase section */

/* Begin PBXGroup section */
		DDDCBF412B487A3E002FDDC5 = {
			isa = PBXGroup;
			children = (
				DDDCBF4C2B487A3E002FDDC5 /* KMeansDemo */,
				DDDCBF4B2B487A3E002FDDC5 /* Products */,
			);
			sourceTree = "<group>";
		};
		DDDCBF4B2B487A3E002FDDC5 /* Products */ = {
			isa = PBXGroup;
			children = (
				DDDCBF4A2B487A3E002FDDC5 /* KMeansDemo.app */,
			);
			name = Products;
			sourceTree = "<group>";
		};
		DDDCBF4C2B487A3E002FDDC5 /* KMeansDemo */ = {
			isa = PBXGroup;
			children = (
				DDDCBF642B4886D2002FDDC5 /* Utils */,
				DDDCBF5D2B487BE1002FDDC5 /* Views */,
				DDDCBF5C2B487BCD002FDDC5 /* Models */,
				DDDCBF4D2B487A3E002FDDC5 /* KMeansDemoApp.swift */,
				DDDCBF512B487A3F002FDDC5 /* Assets.xcassets */,
				DDDCBF562B487A3F002FDDC5 /* KMeansDemo.entitlements */,
				DDDCBF532B487A3F002FDDC5 /* Preview Content */,
			);
			path = KMeansDemo;
			sourceTree = "<group>";
		};
		DDDCBF532B487A3F002FDDC5 /* Preview Content */ = {
			isa = PBXGroup;
			children = (
				DDDCBF542B487A3F002FDDC5 /* Preview Assets.xcassets */,
			);
			path = "Preview Content";
			sourceTree = "<group>";
		};
		DDDCBF5C2B487BCD002FDDC5 /* Models */ = {
			isa = PBXGroup;
			children = (
				DDDCBF602B48834E002FDDC5 /* InputImageViewModel.swift */,
				DDDCBF672B4889EA002FDDC5 /* ImageProcessor.swift */,
			);
			path = Models;
			sourceTree = "<group>";
		};
		DDDCBF5D2B487BE1002FDDC5 /* Views */ = {
			isa = PBXGroup;
			children = (
				DDDCBF5E2B487BF5002FDDC5 /* ContentView.swift */,
				DD9E08452B56D9EB00DD6469 /* InputCountView.swift */,
				DDB4067B2B571BDE00A4D7D6 /* ProcessingView.swift */,
				DDCE8A302B582C4D00E16E98 /* ColorGridView.swift */,
				DDCE8A362B5982B700E16E98 /* ColorSeedView.swift */,
				DDCE8A342B58314A00E16E98 /* InputMeansView.swift */,
			);
			path = Views;
			sourceTree = "<group>";
		};
		DDDCBF642B4886D2002FDDC5 /* Utils */ = {
			isa = PBXGroup;
			children = (
				DDDCBF652B4886ED002FDDC5 /* ImageUtils.swift */,
			);
			path = Utils;
			sourceTree = "<group>";
		};
/* End PBXGroup section */

/* Begin PBXNativeTarget section */
		DDDCBF492B487A3E002FDDC5 /* KMeansDemo */ = {
			isa = PBXNativeTarget;
			buildConfigurationList = DDDCBF592B487A3F002FDDC5 /* Build configuration list for PBXNativeTarget "KMeansDemo" */;
			buildPhases = (
				DDDCBF462B487A3E002FDDC5 /* Sources */,
				DDDCBF472B487A3E002FDDC5 /* Frameworks */,
				DDDCBF482B487A3E002FDDC5 /* Resources */,
			);
			buildRules = (
			);
			dependencies = (
			);
			name = KMeansDemo;
			productName = KMeansDemo;
			productReference = DDDCBF4A2B487A3E002FDDC5 /* KMeansDemo.app */;
			productType = "com.apple.product-type.application";
		};
/* End PBXNativeTarget section */

/* Begin PBXProject section */
		DDDCBF422B487A3E002FDDC5 /* Project object */ = {
			isa = PBXProject;
			attributes = {
				BuildIndependentTargetsInParallel = 1;
				LastSwiftUpdateCheck = 1510;
				LastUpgradeCheck = 1510;
				TargetAttributes = {
					DDDCBF492B487A3E002FDDC5 = {
						CreatedOnToolsVersion = 15.1;
					};
				};
			};
			buildConfigurationList = DDDCBF452B487A3E002FDDC5 /* Build configuration list for PBXProject "KMeansDemo" */;
			compatibilityVersion = "Xcode 14.0";
			developmentRegion = en;
			hasScannedForEncodings = 0;
			knownRegions = (
				en,
				Base,
			);
			mainGroup = DDDCBF412B487A3E002FDDC5;
			productRefGroup = DDDCBF4B2B487A3E002FDDC5 /* Products */;
			projectDirPath = "";
			projectRoot = "";
			targets = (
				DDDCBF492B487A3E002FDDC5 /* KMeansDemo */,
			);
		};
/* End PBXProject section */

/* Begin PBXResourcesBuildPhase section */
		DDDCBF482B487A3E002FDDC5 /* Resources */ = {
			isa = PBXResourcesBuildPhase;
			buildActionMask = 2147483647;
			files = (
				DDDCBF552B487A3F002FDDC5 /* Preview Assets.xcassets in Resources */,
				DDDCBF522B487A3F002FDDC5 /* Assets.xcassets in Resources */,
			);
			runOnlyForDeploymentPostprocessing = 0;
		};
/* End PBXResourcesBuildPhase section */

/* Begin PBXSourcesBuildPhase section */
		DDDCBF462B487A3E002FDDC5 /* Sources */ = {
			isa = PBXSourcesBuildPhase;
			buildActionMask = 2147483647;
			files = (
				DDDCBF4E2B487A3E002FDDC5 /* KMeansDemoApp.swift in Sources */,
				DDDCBF5F2B487BF5002FDDC5 /* ContentView.swift in Sources */,
				DDCE8A352B58314A00E16E98 /* InputMeansView.swift in Sources */,
				DDCE8A372B5982B700E16E98 /* ColorSeedView.swift in Sources */,
				DD9E08462B56D9EB00DD6469 /* InputCountView.swift in Sources */,
				DDDCBF682B4889EA002FDDC5 /* ImageProcessor.swift in Sources */,
				DDB4067C2B571BDE00A4D7D6 /* ProcessingView.swift in Sources */,
				DDDCBF612B48834E002FDDC5 /* InputImageViewModel.swift in Sources */,
				DDCE8A312B582C4D00E16E98 /* ColorGridView.swift in Sources */,
				DDDCBF662B4886ED002FDDC5 /* ImageUtils.swift in Sources */,
			);
			runOnlyForDeploymentPostprocessing = 0;
		};
/* End PBXSourcesBuildPhase section */

/* Begin XCBuildConfiguration section */
		DDDCBF572B487A3F002FDDC5 /* Debug */ = {
			isa = XCBuildConfiguration;
			buildSettings = {
				ALWAYS_SEARCH_USER_PATHS = NO;
				ASSETCATALOG_COMPILER_GENERATE_SWIFT_ASSET_SYMBOL_EXTENSIONS = YES;
				CLANG_ANALYZER_NONNULL = YES;
				CLANG_ANALYZER_NUMBER_OBJECT_CONVERSION = YES_AGGRESSIVE;
				CLANG_CXX_LANGUAGE_STANDARD = "gnu++20";
				CLANG_ENABLE_MODULES = YES;
				CLANG_ENABLE_OBJC_ARC = YES;
				CLANG_ENABLE_OBJC_WEAK = YES;
				CLANG_WARN_BLOCK_CAPTURE_AUTORELEASING = YES;
				CLANG_WARN_BOOL_CONVERSION = YES;
				CLANG_WARN_COMMA = YES;
				CLANG_WARN_CONSTANT_CONVERSION = YES;
				CLANG_WARN_DEPRECATED_OBJC_IMPLEMENTATIONS = YES;
				CLANG_WARN_DIRECT_OBJC_ISA_USAGE = YES_ERROR;
				CLANG_WARN_DOCUMENTATION_COMMENTS = YES;
				CLANG_WARN_EMPTY_BODY = YES;
				CLANG_WARN_ENUM_CONVERSION = YES;
				CLANG_WARN_INFINITE_RECURSION = YES;
				CLANG_WARN_INT_CONVERSION = YES;
				CLANG_WARN_NON_LITERAL_NULL_CONVERSION = YES;
				CLANG_WARN_OBJC_IMPLICIT_RETAIN_SELF = YES;
				CLANG_WARN_OBJC_LITERAL_CONVERSION = YES;
				CLANG_WARN_OBJC_ROOT_CLASS = YES_ERROR;
				CLANG_WARN_QUOTED_INCLUDE_IN_FRAMEWORK_HEADER = YES;
				CLANG_WARN_RANGE_LOOP_ANALYSIS = YES;
				CLANG_WARN_STRICT_PROTOTYPES = YES;
				CLANG_WARN_SUSPICIOUS_MOVE = YES;
				CLANG_WARN_UNGUARDED_AVAILABILITY = YES_AGGRESSIVE;
				CLANG_WARN_UNREACHABLE_CODE = YES;
				CLANG_WARN__DUPLICATE_METHOD_MATCH = YES;
				COPY_PHASE_STRIP = NO;
				DEBUG_INFORMATION_FORMAT = dwarf;
				ENABLE_STRICT_OBJC_MSGSEND = YES;
				ENABLE_TESTABILITY = YES;
				ENABLE_USER_SCRIPT_SANDBOXING = YES;
				GCC_C_LANGUAGE_STANDARD = gnu17;
				GCC_DYNAMIC_NO_PIC = NO;
				GCC_NO_COMMON_BLOCKS = YES;
				GCC_OPTIMIZATION_LEVEL = 0;
				GCC_PREPROCESSOR_DEFINITIONS = (
					"DEBUG=1",
					"$(inherited)",
				);
				GCC_WARN_64_TO_32_BIT_CONVERSION = YES;
				GCC_WARN_ABOUT_RETURN_TYPE = YES_ERROR;
				GCC_WARN_UNDECLARED_SELECTOR = YES;
				GCC_WARN_UNINITIALIZED_AUTOS = YES_AGGRESSIVE;
				GCC_WARN_UNUSED_FUNCTION = YES;
				GCC_WARN_UNUSED_VARIABLE = YES;
				LOCALIZATION_PREFERS_STRING_CATALOGS = YES;
				MACOSX_DEPLOYMENT_TARGET = 14.2;
				MTL_ENABLE_DEBUG_INFO = INCLUDE_SOURCE;
				MTL_FAST_MATH = YES;
				ONLY_ACTIVE_ARCH = YES;
				SDKROOT = macosx;
				SWIFT_ACTIVE_COMPILATION_CONDITIONS = "DEBUG $(inherited)";
				SWIFT_OPTIMIZATION_LEVEL = "-Onone";
			};
			name = Debug;
		};
		DDDCBF582B487A3F002FDDC5 /* Release */ = {
			isa = XCBuildConfiguration;
			buildSettings = {
				ALWAYS_SEARCH_USER_PATHS = NO;
				ASSETCATALOG_COMPILER_GENERATE_SWIFT_ASSET_SYMBOL_EXTENSIONS = YES;
				CLANG_ANALYZER_NONNULL = YES;
				CLANG_ANALYZER_NUMBER_OBJECT_CONVERSION = YES_AGGRESSIVE;
				CLANG_CXX_LANGUAGE_STANDARD = "gnu++20";
				CLANG_ENABLE_MODULES = YES;
				CLANG_ENABLE_OBJC_ARC = YES;
				CLANG_ENABLE_OBJC_WEAK = YES;
				CLANG_WARN_BLOCK_CAPTURE_AUTORELEASING = YES;
				CLANG_WARN_BOOL_CONVERSION = YES;
				CLANG_WARN_COMMA = YES;
				CLANG_WARN_CONSTANT_CONVERSION = YES;
				CLANG_WARN_DEPRECATED_OBJC_IMPLEMENTATIONS = YES;
				CLANG_WARN_DIRECT_OBJC_ISA_USAGE = YES_ERROR;
				CLANG_WARN_DOCUMENTATION_COMMENTS = YES;
				CLANG_WARN_EMPTY_BODY = YES;
				CLANG_WARN_ENUM_CONVERSION = YES;
				CLANG_WARN_INFINITE_RECURSION = YES;
				CLANG_WARN_INT_CONVERSION = YES;
				CLANG_WARN_NON_LITERAL_NULL_CONVERSION = YES;
				CLANG_WARN_OBJC_IMPLICIT_RETAIN_SELF = YES;
				CLANG_WARN_OBJC_LITERAL_CONVERSION = YES;
				CLANG_WARN_OBJC_ROOT_CLASS = YES_ERROR;
				CLANG_WARN_QUOTED_INCLUDE_IN_FRAMEWORK_HEADER = YES;
				CLANG_WARN_RANGE_LOOP_ANALYSIS = YES;
				CLANG_WARN_STRICT_PROTOTYPES = YES;
				CLANG_WARN_SUSPICIOUS_MOVE = YES;
				CLANG_WARN_UNGUARDED_AVAILABILITY = YES_AGGRESSIVE;
				CLANG_WARN_UNREACHABLE_CODE = YES;
				CLANG_WARN__DUPLICATE_METHOD_MATCH = YES;
				COPY_PHASE_STRIP = NO;
				DEBUG_INFORMATION_FORMAT = "dwarf-with-dsym";
				ENABLE_NS_ASSERTIONS = NO;
				ENABLE_STRICT_OBJC_MSGSEND = YES;
				ENABLE_USER_SCRIPT_SANDBOXING = YES;
				GCC_C_LANGUAGE_STANDARD = gnu17;
				GCC_NO_COMMON_BLOCKS = YES;
				GCC_WARN_64_TO_32_BIT_CONVERSION = YES;
				GCC_WARN_ABOUT_RETURN_TYPE = YES_ERROR;
				GCC_WARN_UNDECLARED_SELECTOR = YES;
				GCC_WARN_UNINITIALIZED_AUTOS = YES_AGGRESSIVE;
				GCC_WARN_UNUSED_FUNCTION = YES;
				GCC_WARN_UNUSED_VARIABLE = YES;
				LOCALIZATION_PREFERS_STRING_CATALOGS = YES;
				MACOSX_DEPLOYMENT_TARGET = 14.2;
				MTL_ENABLE_DEBUG_INFO = NO;
				MTL_FAST_MATH = YES;
				SDKROOT = macosx;
				SWIFT_COMPILATION_MODE = wholemodule;
			};
			name = Release;
		};
		DDDCBF5A2B487A3F002FDDC5 /* Debug */ = {
			isa = XCBuildConfiguration;
			buildSettings = {
				ASSETCATALOG_COMPILER_APPICON_NAME = AppIcon;
				ASSETCATALOG_COMPILER_GLOBAL_ACCENT_COLOR_NAME = AccentColor;
				CODE_SIGN_ENTITLEMENTS = KMeansDemo/KMeansDemo.entitlements;
				CODE_SIGN_STYLE = Automatic;
				COMBINE_HIDPI_IMAGES = YES;
				CURRENT_PROJECT_VERSION = 1;
				DEVELOPMENT_ASSET_PATHS = "\"KMeansDemo/Preview Content\"";
				DEVELOPMENT_TEAM = CHF6QJR2PR;
				ENABLE_HARDENED_RUNTIME = YES;
				ENABLE_PREVIEWS = YES;
				GENERATE_INFOPLIST_FILE = YES;
				INFOPLIST_KEY_NSHumanReadableCopyright = "";
				LD_RUNPATH_SEARCH_PATHS = (
					"$(inherited)",
					"@executable_path/../Frameworks",
				);
				MARKETING_VERSION = 1.0;
				PRODUCT_BUNDLE_IDENTIFIER = com.digitalprunes.kmeansDemo.KMeansDemo;
				PRODUCT_NAME = "$(TARGET_NAME)";
				SWIFT_EMIT_LOC_STRINGS = YES;
				SWIFT_VERSION = 5.0;
			};
			name = Debug;
		};
		DDDCBF5B2B487A3F002FDDC5 /* Release */ = {
			isa = XCBuildConfiguration;
			buildSettings = {
				ASSETCATALOG_COMPILER_APPICON_NAME = AppIcon;
				ASSETCATALOG_COMPILER_GLOBAL_ACCENT_COLOR_NAME = AccentColor;
				CODE_SIGN_ENTITLEMENTS = KMeansDemo/KMeansDemo.entitlements;
				CODE_SIGN_STYLE = Automatic;
				COMBINE_HIDPI_IMAGES = YES;
				CURRENT_PROJECT_VERSION = 1;
				DEVELOPMENT_ASSET_PATHS = "\"KMeansDemo/Preview Content\"";
				DEVELOPMENT_TEAM = CHF6QJR2PR;
				ENABLE_HARDENED_RUNTIME = YES;
				ENABLE_PREVIEWS = YES;
				GENERATE_INFOPLIST_FILE = YES;
				INFOPLIST_KEY_NSHumanReadableCopyright = "";
				LD_RUNPATH_SEARCH_PATHS = (
					"$(inherited)",
					"@executable_path/../Frameworks",
				);
				MARKETING_VERSION = 1.0;
				PRODUCT_BUNDLE_IDENTIFIER = com.digitalprunes.kmeansDemo.KMeansDemo;
				PRODUCT_NAME = "$(TARGET_NAME)";
				SWIFT_EMIT_LOC_STRINGS = YES;
				SWIFT_VERSION = 5.0;
			};
			name = Release;
		};
/* End XCBuildConfiguration section */

/* Begin XCConfigurationList section */
		DDDCBF452B487A3E002FDDC5 /* Build configuration list for PBXProject "KMeansDemo" */ = {
			isa = XCConfigurationList;
			buildConfigurations = (
				DDDCBF572B487A3F002FDDC5 /* Debug */,
				DDDCBF582B487A3F002FDDC5 /* Release */,
			);
			defaultConfigurationIsVisible = 0;
			defaultConfigurationName = Release;
		};
		DDDCBF592B487A3F002FDDC5 /* Build configuration list for PBXNativeTarget "KMeansDemo" */ = {
			isa = XCConfigurationList;
			buildConfigurations = (
				DDDCBF5A2B487A3F002FDDC5 /* Debug */,
				DDDCBF5B2B487A3F002FDDC5 /* Release */,
			);
			defaultConfigurationIsVisible = 0;
			defaultConfigurationName = Release;
		};
/* End XCConfigurationList section */
	};
	rootObject = DDDCBF422B487A3E002FDDC5 /* Project object */;
}
